{
  "version": 4,
  "terraform_version": "1.8.3",
  "serial": 504,
  "lineage": "1613ba16-da21-fec3-8788-c99c8ebed756",
  "outputs": {
    "ALB_DNS": {
      "value": "wordpress-alb-1579772800.eu-west-3.elb.amazonaws.com",
      "type": "string"
    },
    "EFS_ID": {
      "value": "fs-059368a5b453bd9d4",
      "type": "string"
    },
    "RDS_endpoint": {
      "value": "wordpress-rds-instance.cly8yucsqx2y.eu-west-3.rds.amazonaws.com:3306",
      "type": "string"
    },
    "name_servers": {
      "value": [
        "ns-1477.awsdns-56.org",
        "ns-1824.awsdns-36.co.uk",
        "ns-248.awsdns-31.com",
        "ns-652.awsdns-17.net"
      ],
      "type": [
        "list",
        "string"
      ]
    }
  },
  "resources": [
    {
      "module": "module.database",
      "mode": "data",
      "type": "template_file",
      "name": "user_data",
      "provider": "provider[\"registry.terraform.io/hashicorp/template\"]",
      "instances": [
        {
          "schema_version": 0,
          "attributes": {
            "filename": null,
            "id": "ca5d3f7420bcd9a3c5b70b500d7278d8ec4375c8750e2792f44f33fbe6fb87ad",
            "rendered": "#!/bin/bash\n# WORDPRESS INSTALLER\n\n# Variables will be populated by terraform template\ndb_username=user\ndb_user_password=password\ndb_name=wordpress_DB\ndb_endpoint=wordpress-rds-instance.cly8yucsqx2y.eu-west-3.rds.amazonaws.com:3306\nefs_DNS=fs-059368a5b453bd9d4\n\n\n# Install LAMP \napt update\napt install -y apache2 php libapache2-mod-php php-mysql mysql-server\n\n# Change owner \u0026 permission of /var/www directory\nusermod -a -G apache ubuntu\nchown -R ubuntu:apache /var/www\nchmod 2775 /var/www \u0026\u0026 find /var/www -type d -exec sudo chmod 2775 {} \\;\nfind /var/www -type f -exec sudo chmod 0664 {} \\;\nsystemctl restart apache2\n\n# Install git and binutils (binutils is required for building DEB packages)\napt install -y git binutils\nsleep 40\n\n# Clone amazon-efs-utils from GitHub\ngit clone https://github.com/aws/efs-utils\n\n# Build and install the amazon-efs-utils DEB package\ncd efs-utils/\n./build-deb.sh\napt-get -y install ./build/amazon-efs-utils*deb\nsleep 40\n\n# Mount EFS in wordpress directory\ncd /var/www/html\nmkdir wordpress/\nmount -t efs -o tls fs-059368a5b453bd9d4:/ /var/www/html/wordpress/\n\n# Download \u0026 extract wordpress zip file\nwget https://wordpress.org/latest.tar.gz\ntar -xzvf latest.tar.gz\nrm latest.tar.gz\n\n# Create wordpress configuration file and update database values\ncp /var/www/html/wordpress/wp-config-sample.php /var/www/html/wordpress/wp-config.php\nsed -i \"s/database_name_here/wordpress_DB/g\" /var/www/html/wordpress/wp-config.php\nsed -i \"s/username_here/user/g\" /var/www/html/wordpress/wp-config.php\nsed -i \"s/password_here/password/g\" /var/www/html/wordpress/wp-config.php\nsed -i \"s/localhost/wordpress-rds-instance.cly8yucsqx2y.eu-west-3.rds.amazonaws.com:3306/g\" /var/www/html/wordpress/wp-config.php",
            "template": "#!/bin/bash\n# WORDPRESS INSTALLER\n\n# Variables will be populated by terraform template\ndb_username=${db_username}\ndb_user_password=${db_user_password}\ndb_name=${db_name}\ndb_endpoint=${db_endpoint}\nefs_DNS=${efs_DNS}\n\n\n# Install LAMP \napt update\napt install -y apache2 php libapache2-mod-php php-mysql mysql-server\n\n# Change owner \u0026 permission of /var/www directory\nusermod -a -G apache ubuntu\nchown -R ubuntu:apache /var/www\nchmod 2775 /var/www \u0026\u0026 find /var/www -type d -exec sudo chmod 2775 {} \\;\nfind /var/www -type f -exec sudo chmod 0664 {} \\;\nsystemctl restart apache2\n\n# Install git and binutils (binutils is required for building DEB packages)\napt install -y git binutils\nsleep 40\n\n# Clone amazon-efs-utils from GitHub\ngit clone https://github.com/aws/efs-utils\n\n# Build and install the amazon-efs-utils DEB package\ncd efs-utils/\n./build-deb.sh\napt-get -y install ./build/amazon-efs-utils*deb\nsleep 40\n\n# Mount EFS in wordpress directory\ncd /var/www/html\nmkdir wordpress/\nmount -t efs -o tls ${efs_DNS}:/ /var/www/html/wordpress/\n\n# Download \u0026 extract wordpress zip file\nwget https://wordpress.org/latest.tar.gz\ntar -xzvf latest.tar.gz\nrm latest.tar.gz\n\n# Create wordpress configuration file and update database values\ncp /var/www/html/wordpress/wp-config-sample.php /var/www/html/wordpress/wp-config.php\nsed -i \"s/database_name_here/${db_name}/g\" /var/www/html/wordpress/wp-config.php\nsed -i \"s/username_here/${db_username}/g\" /var/www/html/wordpress/wp-config.php\nsed -i \"s/password_here/${db_user_password}/g\" /var/www/html/wordpress/wp-config.php\nsed -i \"s/localhost/${db_endpoint}/g\" /var/www/html/wordpress/wp-config.php",
            "vars": {
              "db_endpoint": "wordpress-rds-instance.cly8yucsqx2y.eu-west-3.rds.amazonaws.com:3306",
              "db_name": "wordpress_DB",
              "db_user_password": "password",
              "db_username": "user",
              "efs_DNS": "fs-059368a5b453bd9d4"
            }
          },
          "sensitive_attributes": [
            [
              {
                "type": "get_attr",
                "value": "vars"
              },
              {
                "type": "index",
                "value": {
                  "value": "db_user_password",
                  "type": "string"
                }
              }
            ],
            [
              {
                "type": "get_attr",
                "value": "vars"
              },
              {
                "type": "index",
                "value": {
                  "value": "db_username",
                  "type": "string"
                }
              }
            ]
          ]
        }
      ]
    },
    {
      "module": "module.database",
      "mode": "managed",
      "type": "aws_db_instance",
      "name": "wordpress_db",
      "provider": "provider[\"registry.terraform.io/hashicorp/aws\"]",
      "instances": [
        {
          "schema_version": 2,
          "attributes": {
            "address": "wordpress-rds-instance.cly8yucsqx2y.eu-west-3.rds.amazonaws.com",
            "allocated_storage": 10,
            "allow_major_version_upgrade": null,
            "apply_immediately": false,
            "arn": "arn:aws:rds:eu-west-3:730335267529:db:wordpress-rds-instance",
            "auto_minor_version_upgrade": true,
            "availability_zone": "eu-west-3a",
            "backup_retention_period": 7,
            "backup_target": "region",
            "backup_window": "09:10-09:40",
            "blue_green_update": [],
            "ca_cert_identifier": "rds-ca-rsa2048-g1",
            "character_set_name": "",
            "copy_tags_to_snapshot": false,
            "custom_iam_instance_profile": "",
            "customer_owned_ip_enabled": false,
            "db_name": "wordpress_DB",
            "db_subnet_group_name": "wordpress-db-subnet-grp",
            "dedicated_log_volume": false,
            "delete_automated_backups": true,
            "deletion_protection": false,
            "domain": "",
            "domain_auth_secret_arn": "",
            "domain_dns_ips": null,
            "domain_fqdn": "",
            "domain_iam_role_name": "",
            "domain_ou": "",
            "enabled_cloudwatch_logs_exports": null,
            "endpoint": "wordpress-rds-instance.cly8yucsqx2y.eu-west-3.rds.amazonaws.com:3306",
            "engine": "mysql",
            "engine_version": "8.0.32",
            "engine_version_actual": "8.0.32",
            "final_snapshot_identifier": null,
            "hosted_zone_id": "ZMESEXB7ZGGQ3",
            "iam_database_authentication_enabled": false,
            "id": "db-EMGZWVRUNQD62QHMTXAQ5ORN3M",
            "identifier": "wordpress-rds-instance",
            "identifier_prefix": "",
            "instance_class": "db.t3.micro",
            "iops": 0,
            "kms_key_id": "",
            "latest_restorable_time": "2024-05-22T20:27:56Z",
            "license_model": "general-public-license",
            "listener_endpoint": [],
            "maintenance_window": "fri:00:33-fri:01:03",
            "manage_master_user_password": null,
            "master_user_secret": [],
            "master_user_secret_kms_key_id": null,
            "max_allocated_storage": 0,
            "monitoring_interval": 0,
            "monitoring_role_arn": "",
            "multi_az": false,
            "nchar_character_set_name": "",
            "network_type": "IPV4",
            "option_group_name": "default:mysql-8-0",
            "parameter_group_name": "default.mysql8.0",
            "password": "password",
            "performance_insights_enabled": false,
            "performance_insights_kms_key_id": "",
            "performance_insights_retention_period": 0,
            "port": 3306,
            "publicly_accessible": false,
            "replica_mode": "",
            "replicas": [],
            "replicate_source_db": "",
            "resource_id": "db-EMGZWVRUNQD62QHMTXAQ5ORN3M",
            "restore_to_point_in_time": [],
            "s3_import": [],
            "skip_final_snapshot": true,
            "snapshot_identifier": null,
            "status": "available",
            "storage_encrypted": false,
            "storage_throughput": 0,
            "storage_type": "gp2",
            "tags": null,
            "tags_all": {},
            "timeouts": null,
            "timezone": "",
            "username": "user",
            "vpc_security_group_ids": [
              "sg-01b4936fa4ddf3330"
            ]
          },
          "sensitive_attributes": [
            [
              {
                "type": "get_attr",
                "value": "password"
              }
            ],
            [
              {
                "type": "get_attr",
                "value": "username"
              }
            ]
          ],
          "private": "eyJlMmJmYjczMC1lY2FhLTExZTYtOGY4OC0zNDM2M2JjN2M0YzAiOnsiY3JlYXRlIjoyNDAwMDAwMDAwMDAwLCJkZWxldGUiOjM2MDAwMDAwMDAwMDAsInVwZGF0ZSI6NDgwMDAwMDAwMDAwMH0sInNjaGVtYV92ZXJzaW9uIjoiMiJ9",
          "dependencies": [
            "module.database.aws_db_subnet_group.RDS_subnet_grp",
            "module.networking.aws_subnet.private_app_subnets",
            "module.networking.aws_vpc.project_vpc",
            "module.security_groups.aws_security_group.db_server_sg"
          ],
          "create_before_destroy": true
        }
      ]
    },
    {
      "module": "module.database",
      "mode": "managed",
      "type": "aws_db_instance",
      "name": "wordpress_db_replica",
      "provider": "provider[\"registry.terraform.io/hashicorp/aws\"]",
      "instances": [
        {
          "schema_version": 2,
          "attributes": {
            "address": "wordpress-rds-instance-replica.cly8yucsqx2y.eu-west-3.rds.amazonaws.com",
            "allocated_storage": 10,
            "allow_major_version_upgrade": null,
            "apply_immediately": false,
            "arn": "arn:aws:rds:eu-west-3:730335267529:db:wordpress-rds-instance-replica",
            "auto_minor_version_upgrade": true,
            "availability_zone": "eu-west-3b",
            "backup_retention_period": 0,
            "backup_target": "region",
            "backup_window": "09:10-09:40",
            "blue_green_update": [],
            "ca_cert_identifier": "rds-ca-rsa2048-g1",
            "character_set_name": "",
            "copy_tags_to_snapshot": false,
            "custom_iam_instance_profile": "",
            "customer_owned_ip_enabled": false,
            "db_name": "wordpress_DB",
            "db_subnet_group_name": "wordpress-db-subnet-grp",
            "dedicated_log_volume": false,
            "delete_automated_backups": true,
            "deletion_protection": false,
            "domain": "",
            "domain_auth_secret_arn": "",
            "domain_dns_ips": null,
            "domain_fqdn": "",
            "domain_iam_role_name": "",
            "domain_ou": "",
            "enabled_cloudwatch_logs_exports": null,
            "endpoint": "wordpress-rds-instance-replica.cly8yucsqx2y.eu-west-3.rds.amazonaws.com:3306",
            "engine": "mysql",
            "engine_version": "8.0.32",
            "engine_version_actual": "8.0.32",
            "final_snapshot_identifier": null,
            "hosted_zone_id": "ZMESEXB7ZGGQ3",
            "iam_database_authentication_enabled": false,
            "id": "db-3RUL6URT47LCFZVSGYF7BVBOXY",
            "identifier": "wordpress-rds-instance-replica",
            "identifier_prefix": "",
            "instance_class": "db.t3.micro",
            "iops": 0,
            "kms_key_id": "",
            "latest_restorable_time": "",
            "license_model": "general-public-license",
            "listener_endpoint": [],
            "maintenance_window": "fri:00:33-fri:01:03",
            "manage_master_user_password": null,
            "master_user_secret": [],
            "master_user_secret_kms_key_id": null,
            "max_allocated_storage": 0,
            "monitoring_interval": 0,
            "monitoring_role_arn": "",
            "multi_az": false,
            "nchar_character_set_name": "",
            "network_type": "IPV4",
            "option_group_name": "default:mysql-8-0",
            "parameter_group_name": "default.mysql8.0",
            "password": null,
            "performance_insights_enabled": false,
            "performance_insights_kms_key_id": "",
            "performance_insights_retention_period": 0,
            "port": 3306,
            "publicly_accessible": false,
            "replica_mode": "",
            "replicas": [],
            "replicate_source_db": "wordpress-rds-instance",
            "resource_id": "db-3RUL6URT47LCFZVSGYF7BVBOXY",
            "restore_to_point_in_time": [],
            "s3_import": [],
            "skip_final_snapshot": true,
            "snapshot_identifier": null,
            "status": "available",
            "storage_encrypted": false,
            "storage_throughput": 0,
            "storage_type": "gp2",
            "tags": null,
            "tags_all": {},
            "timeouts": null,
            "timezone": "",
            "username": "user",
            "vpc_security_group_ids": [
              "sg-01b4936fa4ddf3330"
            ]
          },
          "sensitive_attributes": [
            [
              {
                "type": "get_attr",
                "value": "password"
              }
            ]
          ],
          "private": "eyJlMmJmYjczMC1lY2FhLTExZTYtOGY4OC0zNDM2M2JjN2M0YzAiOnsiY3JlYXRlIjoyNDAwMDAwMDAwMDAwLCJkZWxldGUiOjM2MDAwMDAwMDAwMDAsInVwZGF0ZSI6NDgwMDAwMDAwMDAwMH0sInNjaGVtYV92ZXJzaW9uIjoiMiJ9",
          "dependencies": [
            "module.database.aws_db_instance.wordpress_db",
            "module.database.aws_db_subnet_group.RDS_subnet_grp",
            "module.networking.aws_subnet.private_app_subnets",
            "module.networking.aws_vpc.project_vpc",
            "module.security_groups.aws_security_group.db_server_sg"
          ]
        }
      ]
    },
    {
      "module": "module.database",
      "mode": "managed",
      "type": "aws_db_subnet_group",
      "name": "RDS_subnet_grp",
      "provider": "provider[\"registry.terraform.io/hashicorp/aws\"]",
      "instances": [
        {
          "schema_version": 0,
          "attributes": {
            "arn": "arn:aws:rds:eu-west-3:730335267529:subgrp:wordpress-db-subnet-grp",
            "description": "Managed by Terraform",
            "id": "wordpress-db-subnet-grp",
            "name": "wordpress-db-subnet-grp",
            "name_prefix": "",
            "subnet_ids": [
              "subnet-0517cd81c1f779485",
              "subnet-0fcb9c9084fd82bd9"
            ],
            "supported_network_types": [
              "IPV4"
            ],
            "tags": null,
            "tags_all": {},
            "vpc_id": "vpc-0a918aeee3ab8c10c"
          },
          "sensitive_attributes": [],
          "private": "bnVsbA==",
          "dependencies": [
            "module.networking.aws_subnet.private_app_subnets",
            "module.networking.aws_vpc.project_vpc"
          ],
          "create_before_destroy": true
        }
      ]
    },
    {
      "module": "module.ec2",
      "mode": "managed",
      "type": "aws_autoscaling_group",
      "name": "app_server_asg",
      "provider": "provider[\"registry.terraform.io/hashicorp/aws\"]",
      "instances": [
        {
          "schema_version": 1,
          "attributes": {
            "arn": "arn:aws:autoscaling:eu-west-3:730335267529:autoScalingGroup:3650691d-e6e8-4175-b152-9131242b3e1d:autoScalingGroupName/app-server-ASG20240522203026128200000008",
            "availability_zones": [
              "eu-west-3a",
              "eu-west-3b"
            ],
            "capacity_rebalance": false,
            "context": "",
            "default_cooldown": 300,
            "default_instance_warmup": 0,
            "desired_capacity": 2,
            "desired_capacity_type": "",
            "enabled_metrics": null,
            "force_delete": false,
            "force_delete_warm_pool": false,
            "health_check_grace_period": 300,
            "health_check_type": "EC2",
            "id": "app-server-ASG20240522203026128200000008",
            "ignore_failed_scaling_activities": false,
            "initial_lifecycle_hook": [],
            "instance_maintenance_policy": [],
            "instance_refresh": [],
            "launch_configuration": "",
            "launch_template": [
              {
                "id": "lt-055d2dbafe55194b4",
                "name": "app-server-LT",
                "version": "$Default"
              }
            ],
            "load_balancers": [],
            "max_instance_lifetime": 0,
            "max_size": 4,
            "metrics_granularity": "1Minute",
            "min_elb_capacity": null,
            "min_size": 2,
            "mixed_instances_policy": [],
            "name": "app-server-ASG20240522203026128200000008",
            "name_prefix": "app-server-ASG",
            "placement_group": "",
            "predicted_capacity": 0,
            "protect_from_scale_in": false,
            "service_linked_role_arn": "arn:aws:iam::730335267529:role/aws-service-role/autoscaling.amazonaws.com/AWSServiceRoleForAutoScaling",
            "suspended_processes": null,
            "tag": [
              {
                "key": "Name",
                "propagate_at_launch": true,
                "value": "app-server"
              }
            ],
            "target_group_arns": [
              "arn:aws:elasticloadbalancing:eu-west-3:730335267529:targetgroup/wordpress-alb-tg/b6ff79caefb1eb62"
            ],
            "termination_policies": null,
            "timeouts": null,
            "traffic_source": [
              {
                "identifier": "arn:aws:elasticloadbalancing:eu-west-3:730335267529:targetgroup/wordpress-alb-tg/b6ff79caefb1eb62",
                "type": "elbv2"
              }
            ],
            "vpc_zone_identifier": [
              "subnet-0517cd81c1f779485",
              "subnet-0fcb9c9084fd82bd9"
            ],
            "wait_for_capacity_timeout": "10m",
            "wait_for_elb_capacity": null,
            "warm_pool": [],
            "warm_pool_size": 0
          },
          "sensitive_attributes": [],
          "private": "eyJlMmJmYjczMC1lY2FhLTExZTYtOGY4OC0zNDM2M2JjN2M0YzAiOnsiZGVsZXRlIjo2MDAwMDAwMDAwMDAsInVwZGF0ZSI6NjAwMDAwMDAwMDAwfSwic2NoZW1hX3ZlcnNpb24iOiIxIn0=",
          "dependencies": [
            "module.database.aws_db_instance.wordpress_db",
            "module.database.aws_db_subnet_group.RDS_subnet_grp",
            "module.database.data.template_file.user_data",
            "module.ec2.aws_efs_file_system.wordpress_EFS",
            "module.ec2.aws_efs_mount_target.efs_mount",
            "module.ec2.aws_launch_template.app_server_lt",
            "module.ec2.aws_lb_target_group.alb_target_grp",
            "module.networking.aws_subnet.private_app_subnets",
            "module.networking.aws_vpc.project_vpc",
            "module.security_groups.aws_security_group.app_server_sg",
            "module.security_groups.aws_security_group.db_server_sg",
            "module.security_groups.aws_security_group.efs_sg"
          ],
          "create_before_destroy": true
        }
      ]
    },
    {
      "module": "module.ec2",
      "mode": "managed",
      "type": "aws_autoscaling_group",
      "name": "bastionhost_asg",
      "provider": "provider[\"registry.terraform.io/hashicorp/aws\"]",
      "instances": [
        {
          "schema_version": 1,
          "attributes": {
            "arn": "arn:aws:autoscaling:eu-west-3:730335267529:autoScalingGroup:645220c0-fd64-4441-968e-e428228db7be:autoScalingGroupName/bastionhost-ASG20240522202405414000000005",
            "availability_zones": [
              "eu-west-3a",
              "eu-west-3b"
            ],
            "capacity_rebalance": false,
            "context": "",
            "default_cooldown": 300,
            "default_instance_warmup": 0,
            "desired_capacity": 1,
            "desired_capacity_type": "",
            "enabled_metrics": null,
            "force_delete": false,
            "force_delete_warm_pool": false,
            "health_check_grace_period": 300,
            "health_check_type": "EC2",
            "id": "bastionhost-ASG20240522202405414000000005",
            "ignore_failed_scaling_activities": false,
            "initial_lifecycle_hook": [],
            "instance_maintenance_policy": [],
            "instance_refresh": [],
            "launch_configuration": "",
            "launch_template": [
              {
                "id": "lt-00ef78def5cb38eae",
                "name": "bastionhost-LT",
                "version": "$Default"
              }
            ],
            "load_balancers": [],
            "max_instance_lifetime": 0,
            "max_size": 2,
            "metrics_granularity": "1Minute",
            "min_elb_capacity": null,
            "min_size": 1,
            "mixed_instances_policy": [],
            "name": "bastionhost-ASG20240522202405414000000005",
            "name_prefix": "bastionhost-ASG",
            "placement_group": "",
            "predicted_capacity": 0,
            "protect_from_scale_in": false,
            "service_linked_role_arn": "arn:aws:iam::730335267529:role/aws-service-role/autoscaling.amazonaws.com/AWSServiceRoleForAutoScaling",
            "suspended_processes": null,
            "tag": [
              {
                "key": "Name",
                "propagate_at_launch": true,
                "value": "bastionhost"
              }
            ],
            "target_group_arns": [],
            "termination_policies": null,
            "timeouts": null,
            "traffic_source": [],
            "vpc_zone_identifier": [
              "subnet-066528e5381500364",
              "subnet-07b771df0e97fddb3"
            ],
            "wait_for_capacity_timeout": "10m",
            "wait_for_elb_capacity": null,
            "warm_pool": [],
            "warm_pool_size": 0
          },
          "sensitive_attributes": [],
          "private": "eyJlMmJmYjczMC1lY2FhLTExZTYtOGY4OC0zNDM2M2JjN2M0YzAiOnsiZGVsZXRlIjo2MDAwMDAwMDAwMDAsInVwZGF0ZSI6NjAwMDAwMDAwMDAwfSwic2NoZW1hX3ZlcnNpb24iOiIxIn0=",
          "dependencies": [
            "module.ec2.aws_launch_template.bastionhost_lt",
            "module.networking.aws_subnet.public_subnets",
            "module.networking.aws_vpc.project_vpc",
            "module.security_groups.aws_security_group.bastionhost_sg"
          ],
          "create_before_destroy": true
        }
      ]
    },
    {
      "module": "module.ec2",
      "mode": "managed",
      "type": "aws_efs_file_system",
      "name": "wordpress_EFS",
      "provider": "provider[\"registry.terraform.io/hashicorp/aws\"]",
      "instances": [
        {
          "schema_version": 0,
          "attributes": {
            "arn": "arn:aws:elasticfilesystem:eu-west-3:730335267529:file-system/fs-059368a5b453bd9d4",
            "availability_zone_id": "",
            "availability_zone_name": "",
            "creation_token": "wordpress-EFS",
            "dns_name": "fs-059368a5b453bd9d4.efs.eu-west-3.amazonaws.com",
            "encrypted": false,
            "id": "fs-059368a5b453bd9d4",
            "kms_key_id": "",
            "lifecycle_policy": [],
            "name": "wordpress-EFS",
            "number_of_mount_targets": 0,
            "owner_id": "730335267529",
            "performance_mode": "generalPurpose",
            "protection": [
              {
                "replication_overwrite": "ENABLED"
              }
            ],
            "provisioned_throughput_in_mibps": 0,
            "size_in_bytes": [
              {
                "value": 6144,
                "value_in_ia": 0,
                "value_in_standard": 6144
              }
            ],
            "tags": {
              "Name": "wordpress-EFS"
            },
            "tags_all": {
              "Name": "wordpress-EFS"
            },
            "throughput_mode": "bursting"
          },
          "sensitive_attributes": [],
          "private": "bnVsbA==",
          "create_before_destroy": true
        }
      ]
    },
    {
      "module": "module.ec2",
      "mode": "managed",
      "type": "aws_efs_mount_target",
      "name": "efs_mount",
      "provider": "provider[\"registry.terraform.io/hashicorp/aws\"]",
      "instances": [
        {
          "index_key": 0,
          "schema_version": 0,
          "attributes": {
            "availability_zone_id": "euw3-az1",
            "availability_zone_name": "eu-west-3a",
            "dns_name": "fs-059368a5b453bd9d4.efs.eu-west-3.amazonaws.com",
            "file_system_arn": "arn:aws:elasticfilesystem:eu-west-3:730335267529:file-system/fs-059368a5b453bd9d4",
            "file_system_id": "fs-059368a5b453bd9d4",
            "id": "fsmt-04f391a8a5b4a4c0f",
            "ip_address": "10.0.14.73",
            "mount_target_dns_name": "eu-west-3a.fs-059368a5b453bd9d4.efs.eu-west-3.amazonaws.com",
            "network_interface_id": "eni-094b1d15d560bd952",
            "owner_id": "730335267529",
            "security_groups": [
              "sg-07be4c597f4eee61d"
            ],
            "subnet_id": "subnet-0fcb9c9084fd82bd9",
            "timeouts": null
          },
          "sensitive_attributes": [],
          "private": "eyJlMmJmYjczMC1lY2FhLTExZTYtOGY4OC0zNDM2M2JjN2M0YzAiOnsiY3JlYXRlIjoxODAwMDAwMDAwMDAwLCJkZWxldGUiOjYwMDAwMDAwMDAwMH19",
          "dependencies": [
            "module.ec2.aws_efs_file_system.wordpress_EFS",
            "module.networking.aws_subnet.private_app_subnets",
            "module.networking.aws_vpc.project_vpc",
            "module.security_groups.aws_security_group.efs_sg"
          ],
          "create_before_destroy": true
        },
        {
          "index_key": 1,
          "schema_version": 0,
          "attributes": {
            "availability_zone_id": "euw3-az2",
            "availability_zone_name": "eu-west-3b",
            "dns_name": "fs-059368a5b453bd9d4.efs.eu-west-3.amazonaws.com",
            "file_system_arn": "arn:aws:elasticfilesystem:eu-west-3:730335267529:file-system/fs-059368a5b453bd9d4",
            "file_system_id": "fs-059368a5b453bd9d4",
            "id": "fsmt-08075b717c2a13a2f",
            "ip_address": "10.0.56.41",
            "mount_target_dns_name": "eu-west-3b.fs-059368a5b453bd9d4.efs.eu-west-3.amazonaws.com",
            "network_interface_id": "eni-0975a56268e863ccc",
            "owner_id": "730335267529",
            "security_groups": [
              "sg-07be4c597f4eee61d"
            ],
            "subnet_id": "subnet-0517cd81c1f779485",
            "timeouts": null
          },
          "sensitive_attributes": [],
          "private": "eyJlMmJmYjczMC1lY2FhLTExZTYtOGY4OC0zNDM2M2JjN2M0YzAiOnsiY3JlYXRlIjoxODAwMDAwMDAwMDAwLCJkZWxldGUiOjYwMDAwMDAwMDAwMH19",
          "dependencies": [
            "module.ec2.aws_efs_file_system.wordpress_EFS",
            "module.networking.aws_subnet.private_app_subnets",
            "module.networking.aws_vpc.project_vpc",
            "module.security_groups.aws_security_group.efs_sg"
          ],
          "create_before_destroy": true
        }
      ]
    },
    {
      "module": "module.ec2",
      "mode": "managed",
      "type": "aws_launch_template",
      "name": "app_server_lt",
      "provider": "provider[\"registry.terraform.io/hashicorp/aws\"]",
      "instances": [
        {
          "schema_version": 0,
          "attributes": {
            "arn": "arn:aws:ec2:eu-west-3:730335267529:launch-template/lt-055d2dbafe55194b4",
            "block_device_mappings": [],
            "capacity_reservation_specification": [],
            "cpu_options": [],
            "credit_specification": [],
            "default_version": 1,
            "description": "",
            "disable_api_stop": false,
            "disable_api_termination": false,
            "ebs_optimized": "",
            "elastic_gpu_specifications": [],
            "elastic_inference_accelerator": [],
            "enclave_options": [],
            "hibernation_options": [],
            "iam_instance_profile": [],
            "id": "lt-055d2dbafe55194b4",
            "image_id": "ami-064736ff8301af3ee",
            "instance_initiated_shutdown_behavior": "",
            "instance_market_options": [],
            "instance_requirements": [],
            "instance_type": "t2.micro",
            "kernel_id": "",
            "key_name": "ssh_key_pair",
            "latest_version": 1,
            "license_specification": [],
            "maintenance_options": [],
            "metadata_options": [],
            "monitoring": [],
            "name": "app-server-LT",
            "name_prefix": "",
            "network_interfaces": [],
            "placement": [],
            "private_dns_name_options": [],
            "ram_disk_id": "",
            "security_group_names": null,
            "tag_specifications": [],
            "tags": null,
            "tags_all": {},
            "update_default_version": null,
            "user_data": "IyEvYmluL2Jhc2gKIyBXT1JEUFJFU1MgSU5TVEFMTEVSCgojIFZhcmlhYmxlcyB3aWxsIGJlIHBvcHVsYXRlZCBieSB0ZXJyYWZvcm0gdGVtcGxhdGUKZGJfdXNlcm5hbWU9dXNlcgpkYl91c2VyX3Bhc3N3b3JkPXBhc3N3b3JkCmRiX25hbWU9d29yZHByZXNzX0RCCmRiX2VuZHBvaW50PXdvcmRwcmVzcy1yZHMtaW5zdGFuY2UuY2x5OHl1Y3NxeDJ5LmV1LXdlc3QtMy5yZHMuYW1hem9uYXdzLmNvbTozMzA2CmVmc19ETlM9ZnMtMDU5MzY4YTViNDUzYmQ5ZDQKCgojIEluc3RhbGwgTEFNUCAKYXB0IHVwZGF0ZQphcHQgaW5zdGFsbCAteSBhcGFjaGUyIHBocCBsaWJhcGFjaGUyLW1vZC1waHAgcGhwLW15c3FsIG15c3FsLXNlcnZlcgoKIyBDaGFuZ2Ugb3duZXIgJiBwZXJtaXNzaW9uIG9mIC92YXIvd3d3IGRpcmVjdG9yeQp1c2VybW9kIC1hIC1HIGFwYWNoZSB1YnVudHUKY2hvd24gLVIgdWJ1bnR1OmFwYWNoZSAvdmFyL3d3dwpjaG1vZCAyNzc1IC92YXIvd3d3ICYmIGZpbmQgL3Zhci93d3cgLXR5cGUgZCAtZXhlYyBzdWRvIGNobW9kIDI3NzUge30gXDsKZmluZCAvdmFyL3d3dyAtdHlwZSBmIC1leGVjIHN1ZG8gY2htb2QgMDY2NCB7fSBcOwpzeXN0ZW1jdGwgcmVzdGFydCBhcGFjaGUyCgojIEluc3RhbGwgZ2l0IGFuZCBiaW51dGlscyAoYmludXRpbHMgaXMgcmVxdWlyZWQgZm9yIGJ1aWxkaW5nIERFQiBwYWNrYWdlcykKYXB0IGluc3RhbGwgLXkgZ2l0IGJpbnV0aWxzCnNsZWVwIDQwCgojIENsb25lIGFtYXpvbi1lZnMtdXRpbHMgZnJvbSBHaXRIdWIKZ2l0IGNsb25lIGh0dHBzOi8vZ2l0aHViLmNvbS9hd3MvZWZzLXV0aWxzCgojIEJ1aWxkIGFuZCBpbnN0YWxsIHRoZSBhbWF6b24tZWZzLXV0aWxzIERFQiBwYWNrYWdlCmNkIGVmcy11dGlscy8KLi9idWlsZC1kZWIuc2gKYXB0LWdldCAteSBpbnN0YWxsIC4vYnVpbGQvYW1hem9uLWVmcy11dGlscypkZWIKc2xlZXAgNDAKCiMgTW91bnQgRUZTIGluIHdvcmRwcmVzcyBkaXJlY3RvcnkKY2QgL3Zhci93d3cvaHRtbApta2RpciB3b3JkcHJlc3MvCm1vdW50IC10IGVmcyAtbyB0bHMgZnMtMDU5MzY4YTViNDUzYmQ5ZDQ6LyAvdmFyL3d3dy9odG1sL3dvcmRwcmVzcy8KCiMgRG93bmxvYWQgJiBleHRyYWN0IHdvcmRwcmVzcyB6aXAgZmlsZQp3Z2V0IGh0dHBzOi8vd29yZHByZXNzLm9yZy9sYXRlc3QudGFyLmd6CnRhciAteHp2ZiBsYXRlc3QudGFyLmd6CnJtIGxhdGVzdC50YXIuZ3oKCiMgQ3JlYXRlIHdvcmRwcmVzcyBjb25maWd1cmF0aW9uIGZpbGUgYW5kIHVwZGF0ZSBkYXRhYmFzZSB2YWx1ZXMKY3AgL3Zhci93d3cvaHRtbC93b3JkcHJlc3Mvd3AtY29uZmlnLXNhbXBsZS5waHAgL3Zhci93d3cvaHRtbC93b3JkcHJlc3Mvd3AtY29uZmlnLnBocApzZWQgLWkgInMvZGF0YWJhc2VfbmFtZV9oZXJlL3dvcmRwcmVzc19EQi9nIiAvdmFyL3d3dy9odG1sL3dvcmRwcmVzcy93cC1jb25maWcucGhwCnNlZCAtaSAicy91c2VybmFtZV9oZXJlL3VzZXIvZyIgL3Zhci93d3cvaHRtbC93b3JkcHJlc3Mvd3AtY29uZmlnLnBocApzZWQgLWkgInMvcGFzc3dvcmRfaGVyZS9wYXNzd29yZC9nIiAvdmFyL3d3dy9odG1sL3dvcmRwcmVzcy93cC1jb25maWcucGhwCnNlZCAtaSAicy9sb2NhbGhvc3Qvd29yZHByZXNzLXJkcy1pbnN0YW5jZS5jbHk4eXVjc3F4MnkuZXUtd2VzdC0zLnJkcy5hbWF6b25hd3MuY29tOjMzMDYvZyIgL3Zhci93d3cvaHRtbC93b3JkcHJlc3Mvd3AtY29uZmlnLnBocA==",
            "vpc_security_group_ids": [
              "sg-07be4c597f4eee61d",
              "sg-0b54148c52143fa68"
            ]
          },
          "sensitive_attributes": [],
          "private": "bnVsbA==",
          "dependencies": [
            "module.database.aws_db_instance.wordpress_db",
            "module.database.aws_db_subnet_group.RDS_subnet_grp",
            "module.database.data.template_file.user_data",
            "module.ec2.aws_efs_file_system.wordpress_EFS",
            "module.ec2.aws_efs_mount_target.efs_mount",
            "module.networking.aws_subnet.private_app_subnets",
            "module.networking.aws_vpc.project_vpc",
            "module.security_groups.aws_security_group.app_server_sg",
            "module.security_groups.aws_security_group.db_server_sg",
            "module.security_groups.aws_security_group.efs_sg"
          ],
          "create_before_destroy": true
        }
      ]
    },
    {
      "module": "module.ec2",
      "mode": "managed",
      "type": "aws_launch_template",
      "name": "bastionhost_lt",
      "provider": "provider[\"registry.terraform.io/hashicorp/aws\"]",
      "instances": [
        {
          "schema_version": 0,
          "attributes": {
            "arn": "arn:aws:ec2:eu-west-3:730335267529:launch-template/lt-00ef78def5cb38eae",
            "block_device_mappings": [],
            "capacity_reservation_specification": [],
            "cpu_options": [],
            "credit_specification": [],
            "default_version": 1,
            "description": "",
            "disable_api_stop": false,
            "disable_api_termination": false,
            "ebs_optimized": "",
            "elastic_gpu_specifications": [],
            "elastic_inference_accelerator": [],
            "enclave_options": [],
            "hibernation_options": [],
            "iam_instance_profile": [],
            "id": "lt-00ef78def5cb38eae",
            "image_id": "ami-064736ff8301af3ee",
            "instance_initiated_shutdown_behavior": "",
            "instance_market_options": [],
            "instance_requirements": [],
            "instance_type": "t2.micro",
            "kernel_id": "",
            "key_name": "ssh_key_pair",
            "latest_version": 1,
            "license_specification": [],
            "maintenance_options": [],
            "metadata_options": [],
            "monitoring": [],
            "name": "bastionhost-LT",
            "name_prefix": "",
            "network_interfaces": [],
            "placement": [],
            "private_dns_name_options": [],
            "ram_disk_id": "",
            "security_group_names": null,
            "tag_specifications": [],
            "tags": null,
            "tags_all": {},
            "update_default_version": null,
            "user_data": "",
            "vpc_security_group_ids": [
              "sg-0b9d93654cc7a9c4b"
            ]
          },
          "sensitive_attributes": [],
          "private": "bnVsbA==",
          "dependencies": [
            "module.networking.aws_vpc.project_vpc",
            "module.security_groups.aws_security_group.bastionhost_sg"
          ],
          "create_before_destroy": true
        }
      ]
    },
    {
      "module": "module.ec2",
      "mode": "managed",
      "type": "aws_lb",
      "name": "wordpress_alb",
      "provider": "provider[\"registry.terraform.io/hashicorp/aws\"]",
      "instances": [
        {
          "schema_version": 0,
          "attributes": {
            "access_logs": [
              {
                "bucket": "",
                "enabled": false,
                "prefix": ""
              }
            ],
            "arn": "arn:aws:elasticloadbalancing:eu-west-3:730335267529:loadbalancer/app/wordpress-alb/e78746c2e3439982",
            "arn_suffix": "app/wordpress-alb/e78746c2e3439982",
            "client_keep_alive": 3600,
            "connection_logs": [
              {
                "bucket": "",
                "enabled": false,
                "prefix": ""
              }
            ],
            "customer_owned_ipv4_pool": "",
            "desync_mitigation_mode": "defensive",
            "dns_name": "wordpress-alb-1579772800.eu-west-3.elb.amazonaws.com",
            "dns_record_client_routing_policy": null,
            "drop_invalid_header_fields": false,
            "enable_cross_zone_load_balancing": true,
            "enable_deletion_protection": false,
            "enable_http2": true,
            "enable_tls_version_and_cipher_suite_headers": false,
            "enable_waf_fail_open": false,
            "enable_xff_client_port": false,
            "enforce_security_group_inbound_rules_on_private_link_traffic": "",
            "id": "arn:aws:elasticloadbalancing:eu-west-3:730335267529:loadbalancer/app/wordpress-alb/e78746c2e3439982",
            "idle_timeout": 60,
            "internal": false,
            "ip_address_type": "ipv4",
            "load_balancer_type": "application",
            "name": "wordpress-alb",
            "name_prefix": "",
            "preserve_host_header": false,
            "security_groups": [
              "sg-00e9a11fb15f6e025"
            ],
            "subnet_mapping": [
              {
                "allocation_id": "",
                "ipv6_address": "",
                "outpost_id": "",
                "private_ipv4_address": "",
                "subnet_id": "subnet-066528e5381500364"
              },
              {
                "allocation_id": "",
                "ipv6_address": "",
                "outpost_id": "",
                "private_ipv4_address": "",
                "subnet_id": "subnet-07b771df0e97fddb3"
              }
            ],
            "subnets": [
              "subnet-066528e5381500364",
              "subnet-07b771df0e97fddb3"
            ],
            "tags": null,
            "tags_all": {},
            "timeouts": null,
            "vpc_id": "vpc-0a918aeee3ab8c10c",
            "xff_header_processing_mode": "append",
            "zone_id": "Z3Q77PNBQS71R4"
          },
          "sensitive_attributes": [],
          "private": "eyJlMmJmYjczMC1lY2FhLTExZTYtOGY4OC0zNDM2M2JjN2M0YzAiOnsiY3JlYXRlIjo2MDAwMDAwMDAwMDAsImRlbGV0ZSI6NjAwMDAwMDAwMDAwLCJ1cGRhdGUiOjYwMDAwMDAwMDAwMH19",
          "dependencies": [
            "module.networking.aws_subnet.public_subnets",
            "module.networking.aws_vpc.project_vpc",
            "module.security_groups.aws_security_group.alb_sg"
          ]
        }
      ]
    },
    {
      "module": "module.ec2",
      "mode": "managed",
      "type": "aws_lb_listener",
      "name": "alb_listener",
      "provider": "provider[\"registry.terraform.io/hashicorp/aws\"]",
      "instances": [
        {
          "schema_version": 0,
          "attributes": {
            "alpn_policy": null,
            "arn": "arn:aws:elasticloadbalancing:eu-west-3:730335267529:listener/app/wordpress-alb/e78746c2e3439982/ff6fb8b15e381a57",
            "certificate_arn": null,
            "default_action": [
              {
                "authenticate_cognito": [],
                "authenticate_oidc": [],
                "fixed_response": [],
                "forward": [],
                "order": 1,
                "redirect": [],
                "target_group_arn": "arn:aws:elasticloadbalancing:eu-west-3:730335267529:targetgroup/wordpress-alb-tg/b6ff79caefb1eb62",
                "type": "forward"
              }
            ],
            "id": "arn:aws:elasticloadbalancing:eu-west-3:730335267529:listener/app/wordpress-alb/e78746c2e3439982/ff6fb8b15e381a57",
            "load_balancer_arn": "arn:aws:elasticloadbalancing:eu-west-3:730335267529:loadbalancer/app/wordpress-alb/e78746c2e3439982",
            "mutual_authentication": [],
            "port": 80,
            "protocol": "HTTP",
            "ssl_policy": "",
            "tags": null,
            "tags_all": {},
            "timeouts": null
          },
          "sensitive_attributes": [],
          "private": "eyJlMmJmYjczMC1lY2FhLTExZTYtOGY4OC0zNDM2M2JjN2M0YzAiOnsiY3JlYXRlIjozMDAwMDAwMDAwMDAsInVwZGF0ZSI6MzAwMDAwMDAwMDAwfX0=",
          "dependencies": [
            "module.ec2.aws_lb.wordpress_alb",
            "module.ec2.aws_lb_target_group.alb_target_grp",
            "module.networking.aws_subnet.public_subnets",
            "module.networking.aws_vpc.project_vpc",
            "module.security_groups.aws_security_group.alb_sg"
          ]
        }
      ]
    },
    {
      "module": "module.ec2",
      "mode": "managed",
      "type": "aws_lb_target_group",
      "name": "alb_target_grp",
      "provider": "provider[\"registry.terraform.io/hashicorp/aws\"]",
      "instances": [
        {
          "schema_version": 0,
          "attributes": {
            "arn": "arn:aws:elasticloadbalancing:eu-west-3:730335267529:targetgroup/wordpress-alb-tg/b6ff79caefb1eb62",
            "arn_suffix": "targetgroup/wordpress-alb-tg/b6ff79caefb1eb62",
            "connection_termination": null,
            "deregistration_delay": "300",
            "health_check": [
              {
                "enabled": true,
                "healthy_threshold": 3,
                "interval": 15,
                "matcher": "200",
                "path": "/",
                "port": "traffic-port",
                "protocol": "HTTP",
                "timeout": 3,
                "unhealthy_threshold": 3
              }
            ],
            "id": "arn:aws:elasticloadbalancing:eu-west-3:730335267529:targetgroup/wordpress-alb-tg/b6ff79caefb1eb62",
            "ip_address_type": "ipv4",
            "lambda_multi_value_headers_enabled": false,
            "load_balancer_arns": [],
            "load_balancing_algorithm_type": "round_robin",
            "load_balancing_anomaly_mitigation": "off",
            "load_balancing_cross_zone_enabled": "use_load_balancer_configuration",
            "name": "wordpress-alb-tg",
            "name_prefix": "",
            "port": 80,
            "preserve_client_ip": null,
            "protocol": "HTTP",
            "protocol_version": "HTTP1",
            "proxy_protocol_v2": false,
            "slow_start": 0,
            "stickiness": [
              {
                "cookie_duration": 86400,
                "cookie_name": "",
                "enabled": false,
                "type": "lb_cookie"
              }
            ],
            "tags": null,
            "tags_all": {},
            "target_failover": [
              {
                "on_deregistration": null,
                "on_unhealthy": null
              }
            ],
            "target_health_state": [
              {
                "enable_unhealthy_connection_termination": null
              }
            ],
            "target_type": "instance",
            "vpc_id": "vpc-0a918aeee3ab8c10c"
          },
          "sensitive_attributes": [],
          "private": "bnVsbA==",
          "dependencies": [
            "module.networking.aws_vpc.project_vpc"
          ],
          "create_before_destroy": true
        }
      ]
    },
    {
      "module": "module.networking",
      "mode": "managed",
      "type": "aws_eip",
      "name": "eip_natgw",
      "provider": "provider[\"registry.terraform.io/hashicorp/aws\"]",
      "instances": [
        {
          "schema_version": 0,
          "attributes": {
            "address": null,
            "allocation_id": "eipalloc-042f8330a93c6c7b9",
            "arn": "arn:aws:ec2:eu-west-3:730335267529:elastic-ip/eipalloc-042f8330a93c6c7b9",
            "associate_with_private_ip": null,
            "association_id": "",
            "carrier_ip": "",
            "customer_owned_ip": "",
            "customer_owned_ipv4_pool": "",
            "domain": "vpc",
            "id": "eipalloc-042f8330a93c6c7b9",
            "instance": "",
            "network_border_group": "eu-west-3",
            "network_interface": "",
            "private_dns": null,
            "private_ip": "",
            "ptr_record": "",
            "public_dns": "ec2-13-39-201-217.eu-west-3.compute.amazonaws.com",
            "public_ip": "13.39.201.217",
            "public_ipv4_pool": "amazon",
            "tags": null,
            "tags_all": {},
            "timeouts": null,
            "vpc": true
          },
          "sensitive_attributes": [],
          "private": "eyJlMmJmYjczMC1lY2FhLTExZTYtOGY4OC0zNDM2M2JjN2M0YzAiOnsiZGVsZXRlIjoxODAwMDAwMDAwMDAsInJlYWQiOjkwMDAwMDAwMDAwMCwidXBkYXRlIjozMDAwMDAwMDAwMDB9fQ=="
        }
      ]
    },
    {
      "module": "module.networking",
      "mode": "managed",
      "type": "aws_internet_gateway",
      "name": "vpc_igw",
      "provider": "provider[\"registry.terraform.io/hashicorp/aws\"]",
      "instances": [
        {
          "schema_version": 0,
          "attributes": {
            "arn": "arn:aws:ec2:eu-west-3:730335267529:internet-gateway/igw-06ab008cef4c4232f",
            "id": "igw-06ab008cef4c4232f",
            "owner_id": "730335267529",
            "tags": {
              "Name": "vpc-igw"
            },
            "tags_all": {
              "Name": "vpc-igw"
            },
            "timeouts": null,
            "vpc_id": "vpc-0a918aeee3ab8c10c"
          },
          "sensitive_attributes": [],
          "private": "eyJlMmJmYjczMC1lY2FhLTExZTYtOGY4OC0zNDM2M2JjN2M0YzAiOnsiY3JlYXRlIjoxMjAwMDAwMDAwMDAwLCJkZWxldGUiOjEyMDAwMDAwMDAwMDAsInVwZGF0ZSI6MTIwMDAwMDAwMDAwMH19",
          "dependencies": [
            "module.networking.aws_vpc.project_vpc"
          ]
        }
      ]
    },
    {
      "module": "module.networking",
      "mode": "managed",
      "type": "aws_nat_gateway",
      "name": "nat_gw",
      "provider": "provider[\"registry.terraform.io/hashicorp/aws\"]",
      "instances": [
        {
          "schema_version": 0,
          "attributes": {
            "allocation_id": "eipalloc-042f8330a93c6c7b9",
            "association_id": "eipassoc-0b5c98e020dd98f25",
            "connectivity_type": "public",
            "id": "nat-0feb4d1e7c671c435",
            "network_interface_id": "eni-03df907e187248b4d",
            "private_ip": "10.0.132.241",
            "public_ip": "13.39.201.217",
            "secondary_allocation_ids": null,
            "secondary_private_ip_address_count": 0,
            "secondary_private_ip_addresses": [],
            "subnet_id": "subnet-066528e5381500364",
            "tags": {
              "Name": "NAT-gw"
            },
            "tags_all": {
              "Name": "NAT-gw"
            },
            "timeouts": null
          },
          "sensitive_attributes": [],
          "private": "eyJlMmJmYjczMC1lY2FhLTExZTYtOGY4OC0zNDM2M2JjN2M0YzAiOnsiY3JlYXRlIjo2MDAwMDAwMDAwMDAsImRlbGV0ZSI6MTgwMDAwMDAwMDAwMCwidXBkYXRlIjo2MDAwMDAwMDAwMDB9fQ==",
          "dependencies": [
            "module.networking.aws_eip.eip_natgw",
            "module.networking.aws_internet_gateway.vpc_igw",
            "module.networking.aws_subnet.public_subnets",
            "module.networking.aws_vpc.project_vpc"
          ]
        }
      ]
    },
    {
      "module": "module.networking",
      "mode": "managed",
      "type": "aws_route_table",
      "name": "private_app_rt",
      "provider": "provider[\"registry.terraform.io/hashicorp/aws\"]",
      "instances": [
        {
          "schema_version": 0,
          "attributes": {
            "arn": "arn:aws:ec2:eu-west-3:730335267529:route-table/rtb-00561316800d5c520",
            "id": "rtb-00561316800d5c520",
            "owner_id": "730335267529",
            "propagating_vgws": [],
            "route": [
              {
                "carrier_gateway_id": "",
                "cidr_block": "0.0.0.0/0",
                "core_network_arn": "",
                "destination_prefix_list_id": "",
                "egress_only_gateway_id": "",
                "gateway_id": "",
                "ipv6_cidr_block": "",
                "local_gateway_id": "",
                "nat_gateway_id": "nat-0feb4d1e7c671c435",
                "network_interface_id": "",
                "transit_gateway_id": "",
                "vpc_endpoint_id": "",
                "vpc_peering_connection_id": ""
              }
            ],
            "tags": {
              "Name": "private-app-rt"
            },
            "tags_all": {
              "Name": "private-app-rt"
            },
            "timeouts": null,
            "vpc_id": "vpc-0a918aeee3ab8c10c"
          },
          "sensitive_attributes": [],
          "private": "eyJlMmJmYjczMC1lY2FhLTExZTYtOGY4OC0zNDM2M2JjN2M0YzAiOnsiY3JlYXRlIjozMDAwMDAwMDAwMDAsImRlbGV0ZSI6MzAwMDAwMDAwMDAwLCJ1cGRhdGUiOjEyMDAwMDAwMDAwMH19",
          "dependencies": [
            "module.networking.aws_eip.eip_natgw",
            "module.networking.aws_internet_gateway.vpc_igw",
            "module.networking.aws_nat_gateway.nat_gw",
            "module.networking.aws_subnet.public_subnets",
            "module.networking.aws_vpc.project_vpc"
          ]
        }
      ]
    },
    {
      "module": "module.networking",
      "mode": "managed",
      "type": "aws_route_table",
      "name": "public_rt",
      "provider": "provider[\"registry.terraform.io/hashicorp/aws\"]",
      "instances": [
        {
          "schema_version": 0,
          "attributes": {
            "arn": "arn:aws:ec2:eu-west-3:730335267529:route-table/rtb-0522008e4f9640f30",
            "id": "rtb-0522008e4f9640f30",
            "owner_id": "730335267529",
            "propagating_vgws": [],
            "route": [
              {
                "carrier_gateway_id": "",
                "cidr_block": "0.0.0.0/0",
                "core_network_arn": "",
                "destination_prefix_list_id": "",
                "egress_only_gateway_id": "",
                "gateway_id": "igw-06ab008cef4c4232f",
                "ipv6_cidr_block": "",
                "local_gateway_id": "",
                "nat_gateway_id": "",
                "network_interface_id": "",
                "transit_gateway_id": "",
                "vpc_endpoint_id": "",
                "vpc_peering_connection_id": ""
              }
            ],
            "tags": {
              "Name": "public_rt"
            },
            "tags_all": {
              "Name": "public_rt"
            },
            "timeouts": null,
            "vpc_id": "vpc-0a918aeee3ab8c10c"
          },
          "sensitive_attributes": [],
          "private": "eyJlMmJmYjczMC1lY2FhLTExZTYtOGY4OC0zNDM2M2JjN2M0YzAiOnsiY3JlYXRlIjozMDAwMDAwMDAwMDAsImRlbGV0ZSI6MzAwMDAwMDAwMDAwLCJ1cGRhdGUiOjEyMDAwMDAwMDAwMH19",
          "dependencies": [
            "module.networking.aws_internet_gateway.vpc_igw",
            "module.networking.aws_vpc.project_vpc"
          ]
        }
      ]
    },
    {
      "module": "module.networking",
      "mode": "managed",
      "type": "aws_route_table_association",
      "name": "private_app_rt_assoc",
      "provider": "provider[\"registry.terraform.io/hashicorp/aws\"]",
      "instances": [
        {
          "index_key": 0,
          "schema_version": 0,
          "attributes": {
            "gateway_id": "",
            "id": "rtbassoc-0bf1bd246f3187fdc",
            "route_table_id": "rtb-00561316800d5c520",
            "subnet_id": "subnet-0fcb9c9084fd82bd9",
            "timeouts": null
          },
          "sensitive_attributes": [],
          "private": "eyJlMmJmYjczMC1lY2FhLTExZTYtOGY4OC0zNDM2M2JjN2M0YzAiOnsiY3JlYXRlIjozMDAwMDAwMDAwMDAsImRlbGV0ZSI6MzAwMDAwMDAwMDAwLCJ1cGRhdGUiOjEyMDAwMDAwMDAwMH19",
          "dependencies": [
            "module.networking.aws_eip.eip_natgw",
            "module.networking.aws_internet_gateway.vpc_igw",
            "module.networking.aws_nat_gateway.nat_gw",
            "module.networking.aws_route_table.private_app_rt",
            "module.networking.aws_subnet.private_app_subnets",
            "module.networking.aws_subnet.public_subnets",
            "module.networking.aws_vpc.project_vpc"
          ]
        },
        {
          "index_key": 1,
          "schema_version": 0,
          "attributes": {
            "gateway_id": "",
            "id": "rtbassoc-0dbcf361583701c9b",
            "route_table_id": "rtb-00561316800d5c520",
            "subnet_id": "subnet-0517cd81c1f779485",
            "timeouts": null
          },
          "sensitive_attributes": [],
          "private": "eyJlMmJmYjczMC1lY2FhLTExZTYtOGY4OC0zNDM2M2JjN2M0YzAiOnsiY3JlYXRlIjozMDAwMDAwMDAwMDAsImRlbGV0ZSI6MzAwMDAwMDAwMDAwLCJ1cGRhdGUiOjEyMDAwMDAwMDAwMH19",
          "dependencies": [
            "module.networking.aws_eip.eip_natgw",
            "module.networking.aws_internet_gateway.vpc_igw",
            "module.networking.aws_nat_gateway.nat_gw",
            "module.networking.aws_route_table.private_app_rt",
            "module.networking.aws_subnet.private_app_subnets",
            "module.networking.aws_subnet.public_subnets",
            "module.networking.aws_vpc.project_vpc"
          ]
        }
      ]
    },
    {
      "module": "module.networking",
      "mode": "managed",
      "type": "aws_route_table_association",
      "name": "public_rt_assoc",
      "provider": "provider[\"registry.terraform.io/hashicorp/aws\"]",
      "instances": [
        {
          "index_key": 0,
          "schema_version": 0,
          "attributes": {
            "gateway_id": "",
            "id": "rtbassoc-0b7235552dfa4f521",
            "route_table_id": "rtb-0522008e4f9640f30",
            "subnet_id": "subnet-066528e5381500364",
            "timeouts": null
          },
          "sensitive_attributes": [],
          "private": "eyJlMmJmYjczMC1lY2FhLTExZTYtOGY4OC0zNDM2M2JjN2M0YzAiOnsiY3JlYXRlIjozMDAwMDAwMDAwMDAsImRlbGV0ZSI6MzAwMDAwMDAwMDAwLCJ1cGRhdGUiOjEyMDAwMDAwMDAwMH19",
          "dependencies": [
            "module.networking.aws_internet_gateway.vpc_igw",
            "module.networking.aws_route_table.public_rt",
            "module.networking.aws_subnet.public_subnets",
            "module.networking.aws_vpc.project_vpc"
          ]
        },
        {
          "index_key": 1,
          "schema_version": 0,
          "attributes": {
            "gateway_id": "",
            "id": "rtbassoc-02ee21a17ff9bdec9",
            "route_table_id": "rtb-0522008e4f9640f30",
            "subnet_id": "subnet-07b771df0e97fddb3",
            "timeouts": null
          },
          "sensitive_attributes": [],
          "private": "eyJlMmJmYjczMC1lY2FhLTExZTYtOGY4OC0zNDM2M2JjN2M0YzAiOnsiY3JlYXRlIjozMDAwMDAwMDAwMDAsImRlbGV0ZSI6MzAwMDAwMDAwMDAwLCJ1cGRhdGUiOjEyMDAwMDAwMDAwMH19",
          "dependencies": [
            "module.networking.aws_internet_gateway.vpc_igw",
            "module.networking.aws_route_table.public_rt",
            "module.networking.aws_subnet.public_subnets",
            "module.networking.aws_vpc.project_vpc"
          ]
        }
      ]
    },
    {
      "module": "module.networking",
      "mode": "managed",
      "type": "aws_subnet",
      "name": "private_app_subnets",
      "provider": "provider[\"registry.terraform.io/hashicorp/aws\"]",
      "instances": [
        {
          "index_key": 0,
          "schema_version": 1,
          "attributes": {
            "arn": "arn:aws:ec2:eu-west-3:730335267529:subnet/subnet-0fcb9c9084fd82bd9",
            "assign_ipv6_address_on_creation": false,
            "availability_zone": "eu-west-3a",
            "availability_zone_id": "euw3-az1",
            "cidr_block": "10.0.0.0/19",
            "customer_owned_ipv4_pool": "",
            "enable_dns64": false,
            "enable_lni_at_device_index": 0,
            "enable_resource_name_dns_a_record_on_launch": false,
            "enable_resource_name_dns_aaaa_record_on_launch": false,
            "id": "subnet-0fcb9c9084fd82bd9",
            "ipv6_cidr_block": "",
            "ipv6_cidr_block_association_id": "",
            "ipv6_native": false,
            "map_customer_owned_ip_on_launch": false,
            "map_public_ip_on_launch": false,
            "outpost_arn": "",
            "owner_id": "730335267529",
            "private_dns_hostname_type_on_launch": "ip-name",
            "tags": {
              "Name": "private-app-subnet-AZ-1"
            },
            "tags_all": {
              "Name": "private-app-subnet-AZ-1"
            },
            "timeouts": null,
            "vpc_id": "vpc-0a918aeee3ab8c10c"
          },
          "sensitive_attributes": [],
          "private": "eyJlMmJmYjczMC1lY2FhLTExZTYtOGY4OC0zNDM2M2JjN2M0YzAiOnsiY3JlYXRlIjo2MDAwMDAwMDAwMDAsImRlbGV0ZSI6MTIwMDAwMDAwMDAwMH0sInNjaGVtYV92ZXJzaW9uIjoiMSJ9",
          "dependencies": [
            "module.networking.aws_vpc.project_vpc"
          ],
          "create_before_destroy": true
        },
        {
          "index_key": 1,
          "schema_version": 1,
          "attributes": {
            "arn": "arn:aws:ec2:eu-west-3:730335267529:subnet/subnet-0517cd81c1f779485",
            "assign_ipv6_address_on_creation": false,
            "availability_zone": "eu-west-3b",
            "availability_zone_id": "euw3-az2",
            "cidr_block": "10.0.32.0/19",
            "customer_owned_ipv4_pool": "",
            "enable_dns64": false,
            "enable_lni_at_device_index": 0,
            "enable_resource_name_dns_a_record_on_launch": false,
            "enable_resource_name_dns_aaaa_record_on_launch": false,
            "id": "subnet-0517cd81c1f779485",
            "ipv6_cidr_block": "",
            "ipv6_cidr_block_association_id": "",
            "ipv6_native": false,
            "map_customer_owned_ip_on_launch": false,
            "map_public_ip_on_launch": false,
            "outpost_arn": "",
            "owner_id": "730335267529",
            "private_dns_hostname_type_on_launch": "ip-name",
            "tags": {
              "Name": "private-app-subnet-AZ-2"
            },
            "tags_all": {
              "Name": "private-app-subnet-AZ-2"
            },
            "timeouts": null,
            "vpc_id": "vpc-0a918aeee3ab8c10c"
          },
          "sensitive_attributes": [],
          "private": "eyJlMmJmYjczMC1lY2FhLTExZTYtOGY4OC0zNDM2M2JjN2M0YzAiOnsiY3JlYXRlIjo2MDAwMDAwMDAwMDAsImRlbGV0ZSI6MTIwMDAwMDAwMDAwMH0sInNjaGVtYV92ZXJzaW9uIjoiMSJ9",
          "dependencies": [
            "module.networking.aws_vpc.project_vpc"
          ],
          "create_before_destroy": true
        }
      ]
    },
    {
      "module": "module.networking",
      "mode": "managed",
      "type": "aws_subnet",
      "name": "public_subnets",
      "provider": "provider[\"registry.terraform.io/hashicorp/aws\"]",
      "instances": [
        {
          "index_key": 0,
          "schema_version": 1,
          "attributes": {
            "arn": "arn:aws:ec2:eu-west-3:730335267529:subnet/subnet-066528e5381500364",
            "assign_ipv6_address_on_creation": false,
            "availability_zone": "eu-west-3a",
            "availability_zone_id": "euw3-az1",
            "cidr_block": "10.0.128.0/20",
            "customer_owned_ipv4_pool": "",
            "enable_dns64": false,
            "enable_lni_at_device_index": 0,
            "enable_resource_name_dns_a_record_on_launch": false,
            "enable_resource_name_dns_aaaa_record_on_launch": false,
            "id": "subnet-066528e5381500364",
            "ipv6_cidr_block": "",
            "ipv6_cidr_block_association_id": "",
            "ipv6_native": false,
            "map_customer_owned_ip_on_launch": false,
            "map_public_ip_on_launch": true,
            "outpost_arn": "",
            "owner_id": "730335267529",
            "private_dns_hostname_type_on_launch": "ip-name",
            "tags": {
              "Name": "public-subnet-AZ-1"
            },
            "tags_all": {
              "Name": "public-subnet-AZ-1"
            },
            "timeouts": null,
            "vpc_id": "vpc-0a918aeee3ab8c10c"
          },
          "sensitive_attributes": [],
          "private": "eyJlMmJmYjczMC1lY2FhLTExZTYtOGY4OC0zNDM2M2JjN2M0YzAiOnsiY3JlYXRlIjo2MDAwMDAwMDAwMDAsImRlbGV0ZSI6MTIwMDAwMDAwMDAwMH0sInNjaGVtYV92ZXJzaW9uIjoiMSJ9",
          "dependencies": [
            "module.networking.aws_vpc.project_vpc"
          ],
          "create_before_destroy": true
        },
        {
          "index_key": 1,
          "schema_version": 1,
          "attributes": {
            "arn": "arn:aws:ec2:eu-west-3:730335267529:subnet/subnet-07b771df0e97fddb3",
            "assign_ipv6_address_on_creation": false,
            "availability_zone": "eu-west-3b",
            "availability_zone_id": "euw3-az2",
            "cidr_block": "10.0.144.0/20",
            "customer_owned_ipv4_pool": "",
            "enable_dns64": false,
            "enable_lni_at_device_index": 0,
            "enable_resource_name_dns_a_record_on_launch": false,
            "enable_resource_name_dns_aaaa_record_on_launch": false,
            "id": "subnet-07b771df0e97fddb3",
            "ipv6_cidr_block": "",
            "ipv6_cidr_block_association_id": "",
            "ipv6_native": false,
            "map_customer_owned_ip_on_launch": false,
            "map_public_ip_on_launch": true,
            "outpost_arn": "",
            "owner_id": "730335267529",
            "private_dns_hostname_type_on_launch": "ip-name",
            "tags": {
              "Name": "public-subnet-AZ-2"
            },
            "tags_all": {
              "Name": "public-subnet-AZ-2"
            },
            "timeouts": null,
            "vpc_id": "vpc-0a918aeee3ab8c10c"
          },
          "sensitive_attributes": [],
          "private": "eyJlMmJmYjczMC1lY2FhLTExZTYtOGY4OC0zNDM2M2JjN2M0YzAiOnsiY3JlYXRlIjo2MDAwMDAwMDAwMDAsImRlbGV0ZSI6MTIwMDAwMDAwMDAwMH0sInNjaGVtYV92ZXJzaW9uIjoiMSJ9",
          "dependencies": [
            "module.networking.aws_vpc.project_vpc"
          ],
          "create_before_destroy": true
        }
      ]
    },
    {
      "module": "module.networking",
      "mode": "managed",
      "type": "aws_vpc",
      "name": "project_vpc",
      "provider": "provider[\"registry.terraform.io/hashicorp/aws\"]",
      "instances": [
        {
          "schema_version": 1,
          "attributes": {
            "arn": "arn:aws:ec2:eu-west-3:730335267529:vpc/vpc-0a918aeee3ab8c10c",
            "assign_generated_ipv6_cidr_block": false,
            "cidr_block": "10.0.0.0/16",
            "default_network_acl_id": "acl-0e64476af66c41682",
            "default_route_table_id": "rtb-054803b9f26b09c26",
            "default_security_group_id": "sg-0da68b4527017da42",
            "dhcp_options_id": "dopt-00a2f8611dab42acc",
            "enable_dns_hostnames": true,
            "enable_dns_support": true,
            "enable_network_address_usage_metrics": false,
            "id": "vpc-0a918aeee3ab8c10c",
            "instance_tenancy": "default",
            "ipv4_ipam_pool_id": null,
            "ipv4_netmask_length": null,
            "ipv6_association_id": "",
            "ipv6_cidr_block": "",
            "ipv6_cidr_block_network_border_group": "",
            "ipv6_ipam_pool_id": "",
            "ipv6_netmask_length": 0,
            "main_route_table_id": "rtb-054803b9f26b09c26",
            "owner_id": "730335267529",
            "tags": {
              "Name": "project-vpc"
            },
            "tags_all": {
              "Name": "project-vpc"
            }
          },
          "sensitive_attributes": [],
          "private": "eyJzY2hlbWFfdmVyc2lvbiI6IjEifQ==",
          "create_before_destroy": true
        }
      ]
    },
    {
      "module": "module.route53",
      "mode": "managed",
      "type": "aws_route53_record",
      "name": "a_record",
      "provider": "provider[\"registry.terraform.io/hashicorp/aws\"]",
      "instances": [
        {
          "schema_version": 2,
          "attributes": {
            "alias": [
              {
                "evaluate_target_health": true,
                "name": "wordpress-alb-1579772800.eu-west-3.elb.amazonaws.com",
                "zone_id": "Z3Q77PNBQS71R4"
              }
            ],
            "allow_overwrite": null,
            "cidr_routing_policy": [],
            "failover_routing_policy": [],
            "fqdn": "wordpress.ilyessieh.website",
            "geolocation_routing_policy": [],
            "geoproximity_routing_policy": [],
            "health_check_id": "",
            "id": "Z05583003VC3S58P940EN_wordpress.ilyessieh.website_A",
            "latency_routing_policy": [],
            "multivalue_answer_routing_policy": false,
            "name": "wordpress.ilyessieh.website",
            "records": null,
            "set_identifier": "",
            "ttl": 0,
            "type": "A",
            "weighted_routing_policy": [],
            "zone_id": "Z05583003VC3S58P940EN"
          },
          "sensitive_attributes": [],
          "private": "eyJzY2hlbWFfdmVyc2lvbiI6IjIifQ==",
          "dependencies": [
            "module.ec2.aws_lb.wordpress_alb",
            "module.networking.aws_subnet.public_subnets",
            "module.networking.aws_vpc.project_vpc",
            "module.route53.aws_route53_zone.wp_zone",
            "module.security_groups.aws_security_group.alb_sg"
          ]
        }
      ]
    },
    {
      "module": "module.route53",
      "mode": "managed",
      "type": "aws_route53_zone",
      "name": "wp_zone",
      "provider": "provider[\"registry.terraform.io/hashicorp/aws\"]",
      "instances": [
        {
          "schema_version": 0,
          "attributes": {
            "arn": "arn:aws:route53:::hostedzone/Z05583003VC3S58P940EN",
            "comment": "Managed by Terraform",
            "delegation_set_id": "",
            "force_destroy": false,
            "id": "Z05583003VC3S58P940EN",
            "name": "ilyessieh.website",
            "name_servers": [
              "ns-1477.awsdns-56.org",
              "ns-1824.awsdns-36.co.uk",
              "ns-248.awsdns-31.com",
              "ns-652.awsdns-17.net"
            ],
            "primary_name_server": "ns-652.awsdns-17.net",
            "tags": null,
            "tags_all": {},
            "vpc": [],
            "zone_id": "Z05583003VC3S58P940EN"
          },
          "sensitive_attributes": [],
          "private": "bnVsbA=="
        }
      ]
    },
    {
      "module": "module.s3-bucket",
      "mode": "managed",
      "type": "aws_s3_bucket",
      "name": "tfstate",
      "provider": "provider[\"registry.terraform.io/hashicorp/aws\"]",
      "instances": [
        {
          "schema_version": 0,
          "attributes": {
            "acceleration_status": "",
            "acl": null,
            "arn": "arn:aws:s3:::ilyessiehexam-wordpress-3tier-state-files",
            "bucket": "ilyessiehexam-wordpress-3tier-state-files",
            "bucket_domain_name": "ilyessiehexam-wordpress-3tier-state-files.s3.amazonaws.com",
            "bucket_prefix": "",
            "bucket_regional_domain_name": "ilyessiehexam-wordpress-3tier-state-files.s3.eu-west-3.amazonaws.com",
            "cors_rule": [],
            "force_destroy": true,
            "grant": [
              {
                "id": "97bf3e3eea7e5b230c79d417be5677d957d2f0a3ba4e40cc17c1051b1035bb08",
                "permissions": [
                  "FULL_CONTROL"
                ],
                "type": "CanonicalUser",
                "uri": ""
              }
            ],
            "hosted_zone_id": "Z3R1K369G5AVDG",
            "id": "ilyessiehexam-wordpress-3tier-state-files",
            "lifecycle_rule": [],
            "logging": [],
            "object_lock_configuration": [],
            "object_lock_enabled": false,
            "policy": "",
            "region": "eu-west-3",
            "replication_configuration": [],
            "request_payer": "BucketOwner",
            "server_side_encryption_configuration": [
              {
                "rule": [
                  {
                    "apply_server_side_encryption_by_default": [
                      {
                        "kms_master_key_id": "",
                        "sse_algorithm": "AES256"
                      }
                    ],
                    "bucket_key_enabled": false
                  }
                ]
              }
            ],
            "tags": null,
            "tags_all": {},
            "timeouts": null,
            "versioning": [
              {
                "enabled": false,
                "mfa_delete": false
              }
            ],
            "website": [],
            "website_domain": null,
            "website_endpoint": null
          },
          "sensitive_attributes": [],
          "private": "eyJlMmJmYjczMC1lY2FhLTExZTYtOGY4OC0zNDM2M2JjN2M0YzAiOnsiY3JlYXRlIjoxMjAwMDAwMDAwMDAwLCJkZWxldGUiOjM2MDAwMDAwMDAwMDAsInJlYWQiOjEyMDAwMDAwMDAwMDAsInVwZGF0ZSI6MTIwMDAwMDAwMDAwMH19"
        }
      ]
    },
    {
      "module": "module.s3-bucket",
      "mode": "managed",
      "type": "aws_s3_bucket_acl",
      "name": "tfstate_acl",
      "provider": "provider[\"registry.terraform.io/hashicorp/aws\"]",
      "instances": [
        {
          "schema_version": 0,
          "attributes": {
            "access_control_policy": [
              {
                "grant": [
                  {
                    "grantee": [
                      {
                        "display_name": "",
                        "email_address": "",
                        "id": "97bf3e3eea7e5b230c79d417be5677d957d2f0a3ba4e40cc17c1051b1035bb08",
                        "type": "CanonicalUser",
                        "uri": ""
                      }
                    ],
                    "permission": "FULL_CONTROL"
                  }
                ],
                "owner": [
                  {
                    "display_name": "",
                    "id": "97bf3e3eea7e5b230c79d417be5677d957d2f0a3ba4e40cc17c1051b1035bb08"
                  }
                ]
              }
            ],
            "acl": "private",
            "bucket": "ilyessiehexam-wordpress-3tier-state-files",
            "expected_bucket_owner": "",
            "id": "ilyessiehexam-wordpress-3tier-state-files,private"
          },
          "sensitive_attributes": [],
          "private": "bnVsbA==",
          "dependencies": [
            "module.s3-bucket.aws_s3_bucket.tfstate",
            "module.s3-bucket.aws_s3_bucket_ownership_controls.s3_ownership"
          ]
        }
      ]
    },
    {
      "module": "module.s3-bucket",
      "mode": "managed",
      "type": "aws_s3_bucket_ownership_controls",
      "name": "s3_ownership",
      "provider": "provider[\"registry.terraform.io/hashicorp/aws\"]",
      "instances": [
        {
          "schema_version": 0,
          "attributes": {
            "bucket": "ilyessiehexam-wordpress-3tier-state-files",
            "id": "ilyessiehexam-wordpress-3tier-state-files",
            "rule": [
              {
                "object_ownership": "BucketOwnerPreferred"
              }
            ]
          },
          "sensitive_attributes": [],
          "private": "bnVsbA==",
          "dependencies": [
            "module.s3-bucket.aws_s3_bucket.tfstate"
          ]
        }
      ]
    },
    {
      "module": "module.s3-bucket",
      "mode": "managed",
      "type": "aws_s3_bucket_server_side_encryption_configuration",
      "name": "state_encryption",
      "provider": "provider[\"registry.terraform.io/hashicorp/aws\"]",
      "instances": [
        {
          "schema_version": 0,
          "attributes": {
            "bucket": "ilyessiehexam-wordpress-3tier-state-files",
            "expected_bucket_owner": "",
            "id": "ilyessiehexam-wordpress-3tier-state-files",
            "rule": [
              {
                "apply_server_side_encryption_by_default": [
                  {
                    "kms_master_key_id": "",
                    "sse_algorithm": "AES256"
                  }
                ],
                "bucket_key_enabled": null
              }
            ]
          },
          "sensitive_attributes": [],
          "private": "bnVsbA==",
          "dependencies": [
            "module.s3-bucket.aws_s3_bucket.tfstate"
          ]
        }
      ]
    },
    {
      "module": "module.s3-bucket",
      "mode": "managed",
      "type": "aws_s3_bucket_versioning",
      "name": "state_versioning",
      "provider": "provider[\"registry.terraform.io/hashicorp/aws\"]",
      "instances": [
        {
          "schema_version": 0,
          "attributes": {
            "bucket": "ilyessiehexam-wordpress-3tier-state-files",
            "expected_bucket_owner": "",
            "id": "ilyessiehexam-wordpress-3tier-state-files",
            "mfa": null,
            "versioning_configuration": [
              {
                "mfa_delete": "",
                "status": "Enabled"
              }
            ]
          },
          "sensitive_attributes": [],
          "private": "bnVsbA==",
          "dependencies": [
            "module.s3-bucket.aws_s3_bucket.tfstate"
          ]
        }
      ]
    },
    {
      "module": "module.security_groups",
      "mode": "managed",
      "type": "aws_security_group",
      "name": "alb_sg",
      "provider": "provider[\"registry.terraform.io/hashicorp/aws\"]",
      "instances": [
        {
          "schema_version": 1,
          "attributes": {
            "arn": "arn:aws:ec2:eu-west-3:730335267529:security-group/sg-00e9a11fb15f6e025",
            "description": "Allow HTTP(S) traffic for load balancer",
            "egress": [],
            "id": "sg-00e9a11fb15f6e025",
            "ingress": [],
            "name": "alb-SG",
            "name_prefix": "",
            "owner_id": "730335267529",
            "revoke_rules_on_delete": false,
            "tags": null,
            "tags_all": {},
            "timeouts": null,
            "vpc_id": "vpc-0a918aeee3ab8c10c"
          },
          "sensitive_attributes": [],
          "private": "eyJlMmJmYjczMC1lY2FhLTExZTYtOGY4OC0zNDM2M2JjN2M0YzAiOnsiY3JlYXRlIjo2MDAwMDAwMDAwMDAsImRlbGV0ZSI6OTAwMDAwMDAwMDAwfSwic2NoZW1hX3ZlcnNpb24iOiIxIn0=",
          "dependencies": [
            "module.networking.aws_vpc.project_vpc"
          ]
        }
      ]
    },
    {
      "module": "module.security_groups",
      "mode": "managed",
      "type": "aws_security_group",
      "name": "app_server_sg",
      "provider": "provider[\"registry.terraform.io/hashicorp/aws\"]",
      "instances": [
        {
          "schema_version": 1,
          "attributes": {
            "arn": "arn:aws:ec2:eu-west-3:730335267529:security-group/sg-0b54148c52143fa68",
            "description": "Allow SSH \u0026 Internet traffic for instances in application tier",
            "egress": [],
            "id": "sg-0b54148c52143fa68",
            "ingress": [],
            "name": "app-server-SG",
            "name_prefix": "",
            "owner_id": "730335267529",
            "revoke_rules_on_delete": false,
            "tags": null,
            "tags_all": {},
            "timeouts": null,
            "vpc_id": "vpc-0a918aeee3ab8c10c"
          },
          "sensitive_attributes": [],
          "private": "eyJlMmJmYjczMC1lY2FhLTExZTYtOGY4OC0zNDM2M2JjN2M0YzAiOnsiY3JlYXRlIjo2MDAwMDAwMDAwMDAsImRlbGV0ZSI6OTAwMDAwMDAwMDAwfSwic2NoZW1hX3ZlcnNpb24iOiIxIn0=",
          "dependencies": [
            "module.networking.aws_vpc.project_vpc"
          ],
          "create_before_destroy": true
        }
      ]
    },
    {
      "module": "module.security_groups",
      "mode": "managed",
      "type": "aws_security_group",
      "name": "bastionhost_sg",
      "provider": "provider[\"registry.terraform.io/hashicorp/aws\"]",
      "instances": [
        {
          "schema_version": 1,
          "attributes": {
            "arn": "arn:aws:ec2:eu-west-3:730335267529:security-group/sg-0b9d93654cc7a9c4b",
            "description": "Allow inbound SSH traffic for bastionhost",
            "egress": [],
            "id": "sg-0b9d93654cc7a9c4b",
            "ingress": [],
            "name": "bastionhost-SG",
            "name_prefix": "",
            "owner_id": "730335267529",
            "revoke_rules_on_delete": false,
            "tags": null,
            "tags_all": {},
            "timeouts": null,
            "vpc_id": "vpc-0a918aeee3ab8c10c"
          },
          "sensitive_attributes": [],
          "private": "eyJlMmJmYjczMC1lY2FhLTExZTYtOGY4OC0zNDM2M2JjN2M0YzAiOnsiY3JlYXRlIjo2MDAwMDAwMDAwMDAsImRlbGV0ZSI6OTAwMDAwMDAwMDAwfSwic2NoZW1hX3ZlcnNpb24iOiIxIn0=",
          "dependencies": [
            "module.networking.aws_vpc.project_vpc"
          ],
          "create_before_destroy": true
        }
      ]
    },
    {
      "module": "module.security_groups",
      "mode": "managed",
      "type": "aws_security_group",
      "name": "db_server_sg",
      "provider": "provider[\"registry.terraform.io/hashicorp/aws\"]",
      "instances": [
        {
          "schema_version": 1,
          "attributes": {
            "arn": "arn:aws:ec2:eu-west-3:730335267529:security-group/sg-01b4936fa4ddf3330",
            "description": "Allow inbound SSH traffic for instances in database tier",
            "egress": [],
            "id": "sg-01b4936fa4ddf3330",
            "ingress": [],
            "name": "db-server-SG",
            "name_prefix": "",
            "owner_id": "730335267529",
            "revoke_rules_on_delete": false,
            "tags": null,
            "tags_all": {},
            "timeouts": null,
            "vpc_id": "vpc-0a918aeee3ab8c10c"
          },
          "sensitive_attributes": [],
          "private": "eyJlMmJmYjczMC1lY2FhLTExZTYtOGY4OC0zNDM2M2JjN2M0YzAiOnsiY3JlYXRlIjo2MDAwMDAwMDAwMDAsImRlbGV0ZSI6OTAwMDAwMDAwMDAwfSwic2NoZW1hX3ZlcnNpb24iOiIxIn0=",
          "dependencies": [
            "module.networking.aws_vpc.project_vpc"
          ],
          "create_before_destroy": true
        }
      ]
    },
    {
      "module": "module.security_groups",
      "mode": "managed",
      "type": "aws_security_group",
      "name": "efs_sg",
      "provider": "provider[\"registry.terraform.io/hashicorp/aws\"]",
      "instances": [
        {
          "schema_version": 1,
          "attributes": {
            "arn": "arn:aws:ec2:eu-west-3:730335267529:security-group/sg-07be4c597f4eee61d",
            "description": "Allow NFS traffic",
            "egress": [],
            "id": "sg-07be4c597f4eee61d",
            "ingress": [],
            "name": "efs-access",
            "name_prefix": "",
            "owner_id": "730335267529",
            "revoke_rules_on_delete": false,
            "tags": null,
            "tags_all": {},
            "timeouts": null,
            "vpc_id": "vpc-0a918aeee3ab8c10c"
          },
          "sensitive_attributes": [],
          "private": "eyJlMmJmYjczMC1lY2FhLTExZTYtOGY4OC0zNDM2M2JjN2M0YzAiOnsiY3JlYXRlIjo2MDAwMDAwMDAwMDAsImRlbGV0ZSI6OTAwMDAwMDAwMDAwfSwic2NoZW1hX3ZlcnNpb24iOiIxIn0=",
          "dependencies": [
            "module.networking.aws_vpc.project_vpc"
          ],
          "create_before_destroy": true
        }
      ]
    },
    {
      "module": "module.security_groups",
      "mode": "managed",
      "type": "aws_security_group_rule",
      "name": "alb_HTTPS_rule",
      "provider": "provider[\"registry.terraform.io/hashicorp/aws\"]",
      "instances": [
        {
          "schema_version": 2,
          "attributes": {
            "cidr_blocks": [
              "0.0.0.0/0"
            ],
            "description": null,
            "from_port": 443,
            "id": "sgrule-60630651",
            "ipv6_cidr_blocks": null,
            "prefix_list_ids": null,
            "protocol": "tcp",
            "security_group_id": "sg-00e9a11fb15f6e025",
            "security_group_rule_id": "sgr-08d1b2a5914172997",
            "self": false,
            "source_security_group_id": null,
            "timeouts": null,
            "to_port": 443,
            "type": "ingress"
          },
          "sensitive_attributes": [],
          "private": "eyJlMmJmYjczMC1lY2FhLTExZTYtOGY4OC0zNDM2M2JjN2M0YzAiOnsiY3JlYXRlIjozMDAwMDAwMDAwMDB9LCJzY2hlbWFfdmVyc2lvbiI6IjIifQ==",
          "dependencies": [
            "module.networking.aws_vpc.project_vpc",
            "module.security_groups.aws_security_group.alb_sg"
          ]
        }
      ]
    },
    {
      "module": "module.security_groups",
      "mode": "managed",
      "type": "aws_security_group_rule",
      "name": "alb_HTTP_rule",
      "provider": "provider[\"registry.terraform.io/hashicorp/aws\"]",
      "instances": [
        {
          "schema_version": 2,
          "attributes": {
            "cidr_blocks": [
              "0.0.0.0/0"
            ],
            "description": null,
            "from_port": 80,
            "id": "sgrule-4200337660",
            "ipv6_cidr_blocks": null,
            "prefix_list_ids": null,
            "protocol": "tcp",
            "security_group_id": "sg-00e9a11fb15f6e025",
            "security_group_rule_id": "sgr-0239aa53fcd5a6ee8",
            "self": false,
            "source_security_group_id": null,
            "timeouts": null,
            "to_port": 80,
            "type": "ingress"
          },
          "sensitive_attributes": [],
          "private": "eyJlMmJmYjczMC1lY2FhLTExZTYtOGY4OC0zNDM2M2JjN2M0YzAiOnsiY3JlYXRlIjozMDAwMDAwMDAwMDB9LCJzY2hlbWFfdmVyc2lvbiI6IjIifQ==",
          "dependencies": [
            "module.networking.aws_vpc.project_vpc",
            "module.security_groups.aws_security_group.alb_sg"
          ]
        }
      ]
    },
    {
      "module": "module.security_groups",
      "mode": "managed",
      "type": "aws_security_group_rule",
      "name": "alb_outbound_rule",
      "provider": "provider[\"registry.terraform.io/hashicorp/aws\"]",
      "instances": [
        {
          "schema_version": 2,
          "attributes": {
            "cidr_blocks": [
              "0.0.0.0/0"
            ],
            "description": null,
            "from_port": 0,
            "id": "sgrule-2446470008",
            "ipv6_cidr_blocks": null,
            "prefix_list_ids": null,
            "protocol": "-1",
            "security_group_id": "sg-00e9a11fb15f6e025",
            "security_group_rule_id": "sgr-0c10001c57f77ffc7",
            "self": false,
            "source_security_group_id": null,
            "timeouts": null,
            "to_port": 0,
            "type": "egress"
          },
          "sensitive_attributes": [],
          "private": "eyJlMmJmYjczMC1lY2FhLTExZTYtOGY4OC0zNDM2M2JjN2M0YzAiOnsiY3JlYXRlIjozMDAwMDAwMDAwMDB9LCJzY2hlbWFfdmVyc2lvbiI6IjIifQ==",
          "dependencies": [
            "module.networking.aws_vpc.project_vpc",
            "module.security_groups.aws_security_group.alb_sg"
          ]
        }
      ]
    },
    {
      "module": "module.security_groups",
      "mode": "managed",
      "type": "aws_security_group_rule",
      "name": "app_server_alb_HTTPS_rule",
      "provider": "provider[\"registry.terraform.io/hashicorp/aws\"]",
      "instances": [
        {
          "schema_version": 2,
          "attributes": {
            "cidr_blocks": null,
            "description": null,
            "from_port": 443,
            "id": "sgrule-1657634879",
            "ipv6_cidr_blocks": null,
            "prefix_list_ids": null,
            "protocol": "tcp",
            "security_group_id": "sg-0b54148c52143fa68",
            "security_group_rule_id": "sgr-0abc420f1f8e21226",
            "self": false,
            "source_security_group_id": "sg-00e9a11fb15f6e025",
            "timeouts": null,
            "to_port": 443,
            "type": "ingress"
          },
          "sensitive_attributes": [],
          "private": "eyJlMmJmYjczMC1lY2FhLTExZTYtOGY4OC0zNDM2M2JjN2M0YzAiOnsiY3JlYXRlIjozMDAwMDAwMDAwMDB9LCJzY2hlbWFfdmVyc2lvbiI6IjIifQ==",
          "dependencies": [
            "module.networking.aws_vpc.project_vpc",
            "module.security_groups.aws_security_group.alb_sg",
            "module.security_groups.aws_security_group.app_server_sg"
          ]
        }
      ]
    },
    {
      "module": "module.security_groups",
      "mode": "managed",
      "type": "aws_security_group_rule",
      "name": "app_server_alb_HTTP_rule",
      "provider": "provider[\"registry.terraform.io/hashicorp/aws\"]",
      "instances": [
        {
          "schema_version": 2,
          "attributes": {
            "cidr_blocks": null,
            "description": null,
            "from_port": 80,
            "id": "sgrule-1771708962",
            "ipv6_cidr_blocks": null,
            "prefix_list_ids": null,
            "protocol": "tcp",
            "security_group_id": "sg-0b54148c52143fa68",
            "security_group_rule_id": "sgr-08a9108de0a4ef5a6",
            "self": false,
            "source_security_group_id": "sg-00e9a11fb15f6e025",
            "timeouts": null,
            "to_port": 80,
            "type": "ingress"
          },
          "sensitive_attributes": [],
          "private": "eyJlMmJmYjczMC1lY2FhLTExZTYtOGY4OC0zNDM2M2JjN2M0YzAiOnsiY3JlYXRlIjozMDAwMDAwMDAwMDB9LCJzY2hlbWFfdmVyc2lvbiI6IjIifQ==",
          "dependencies": [
            "module.networking.aws_vpc.project_vpc",
            "module.security_groups.aws_security_group.alb_sg",
            "module.security_groups.aws_security_group.app_server_sg"
          ]
        }
      ]
    },
    {
      "module": "module.security_groups",
      "mode": "managed",
      "type": "aws_security_group_rule",
      "name": "app_server_outbound_rule",
      "provider": "provider[\"registry.terraform.io/hashicorp/aws\"]",
      "instances": [
        {
          "schema_version": 2,
          "attributes": {
            "cidr_blocks": [
              "0.0.0.0/0"
            ],
            "description": null,
            "from_port": 0,
            "id": "sgrule-3515294714",
            "ipv6_cidr_blocks": null,
            "prefix_list_ids": null,
            "protocol": "-1",
            "security_group_id": "sg-0b54148c52143fa68",
            "security_group_rule_id": "sgr-07570b7f0ea588b2a",
            "self": false,
            "source_security_group_id": null,
            "timeouts": null,
            "to_port": 0,
            "type": "egress"
          },
          "sensitive_attributes": [],
          "private": "eyJlMmJmYjczMC1lY2FhLTExZTYtOGY4OC0zNDM2M2JjN2M0YzAiOnsiY3JlYXRlIjozMDAwMDAwMDAwMDB9LCJzY2hlbWFfdmVyc2lvbiI6IjIifQ==",
          "dependencies": [
            "module.networking.aws_vpc.project_vpc",
            "module.security_groups.aws_security_group.app_server_sg"
          ]
        }
      ]
    },
    {
      "module": "module.security_groups",
      "mode": "managed",
      "type": "aws_security_group_rule",
      "name": "app_server_ssh_rule",
      "provider": "provider[\"registry.terraform.io/hashicorp/aws\"]",
      "instances": [
        {
          "schema_version": 2,
          "attributes": {
            "cidr_blocks": null,
            "description": null,
            "from_port": 22,
            "id": "sgrule-4270964857",
            "ipv6_cidr_blocks": null,
            "prefix_list_ids": null,
            "protocol": "tcp",
            "security_group_id": "sg-0b54148c52143fa68",
            "security_group_rule_id": "sgr-0ed491efd160bad9b",
            "self": false,
            "source_security_group_id": "sg-0b9d93654cc7a9c4b",
            "timeouts": null,
            "to_port": 22,
            "type": "ingress"
          },
          "sensitive_attributes": [],
          "private": "eyJlMmJmYjczMC1lY2FhLTExZTYtOGY4OC0zNDM2M2JjN2M0YzAiOnsiY3JlYXRlIjozMDAwMDAwMDAwMDB9LCJzY2hlbWFfdmVyc2lvbiI6IjIifQ==",
          "dependencies": [
            "module.networking.aws_vpc.project_vpc",
            "module.security_groups.aws_security_group.app_server_sg",
            "module.security_groups.aws_security_group.bastionhost_sg"
          ]
        }
      ]
    },
    {
      "module": "module.security_groups",
      "mode": "managed",
      "type": "aws_security_group_rule",
      "name": "bastionhost_outbound_rule",
      "provider": "provider[\"registry.terraform.io/hashicorp/aws\"]",
      "instances": [
        {
          "schema_version": 2,
          "attributes": {
            "cidr_blocks": [
              "0.0.0.0/0"
            ],
            "description": null,
            "from_port": 0,
            "id": "sgrule-4087608793",
            "ipv6_cidr_blocks": null,
            "prefix_list_ids": null,
            "protocol": "-1",
            "security_group_id": "sg-0b9d93654cc7a9c4b",
            "security_group_rule_id": "sgr-04c7390f8e7dbe590",
            "self": false,
            "source_security_group_id": null,
            "timeouts": null,
            "to_port": 0,
            "type": "egress"
          },
          "sensitive_attributes": [],
          "private": "eyJlMmJmYjczMC1lY2FhLTExZTYtOGY4OC0zNDM2M2JjN2M0YzAiOnsiY3JlYXRlIjozMDAwMDAwMDAwMDB9LCJzY2hlbWFfdmVyc2lvbiI6IjIifQ==",
          "dependencies": [
            "module.networking.aws_vpc.project_vpc",
            "module.security_groups.aws_security_group.bastionhost_sg"
          ]
        }
      ]
    },
    {
      "module": "module.security_groups",
      "mode": "managed",
      "type": "aws_security_group_rule",
      "name": "bastionhost_ssh_rule",
      "provider": "provider[\"registry.terraform.io/hashicorp/aws\"]",
      "instances": [
        {
          "schema_version": 2,
          "attributes": {
            "cidr_blocks": [
              "0.0.0.0/0"
            ],
            "description": null,
            "from_port": 22,
            "id": "sgrule-4064356362",
            "ipv6_cidr_blocks": null,
            "prefix_list_ids": null,
            "protocol": "tcp",
            "security_group_id": "sg-0b9d93654cc7a9c4b",
            "security_group_rule_id": "sgr-01e4b1cc6eaa313c1",
            "self": false,
            "source_security_group_id": null,
            "timeouts": null,
            "to_port": 22,
            "type": "ingress"
          },
          "sensitive_attributes": [],
          "private": "eyJlMmJmYjczMC1lY2FhLTExZTYtOGY4OC0zNDM2M2JjN2M0YzAiOnsiY3JlYXRlIjozMDAwMDAwMDAwMDB9LCJzY2hlbWFfdmVyc2lvbiI6IjIifQ==",
          "dependencies": [
            "module.networking.aws_vpc.project_vpc",
            "module.security_groups.aws_security_group.bastionhost_sg"
          ]
        }
      ]
    },
    {
      "module": "module.security_groups",
      "mode": "managed",
      "type": "aws_security_group_rule",
      "name": "db_server_mysql_rule",
      "provider": "provider[\"registry.terraform.io/hashicorp/aws\"]",
      "instances": [
        {
          "schema_version": 2,
          "attributes": {
            "cidr_blocks": null,
            "description": null,
            "from_port": 3306,
            "id": "sgrule-2141058334",
            "ipv6_cidr_blocks": null,
            "prefix_list_ids": null,
            "protocol": "tcp",
            "security_group_id": "sg-01b4936fa4ddf3330",
            "security_group_rule_id": "sgr-0bd0897b4a837c3c7",
            "self": false,
            "source_security_group_id": "sg-0b54148c52143fa68",
            "timeouts": null,
            "to_port": 3306,
            "type": "ingress"
          },
          "sensitive_attributes": [],
          "private": "eyJlMmJmYjczMC1lY2FhLTExZTYtOGY4OC0zNDM2M2JjN2M0YzAiOnsiY3JlYXRlIjozMDAwMDAwMDAwMDB9LCJzY2hlbWFfdmVyc2lvbiI6IjIifQ==",
          "dependencies": [
            "module.networking.aws_vpc.project_vpc",
            "module.security_groups.aws_security_group.app_server_sg",
            "module.security_groups.aws_security_group.db_server_sg"
          ]
        }
      ]
    },
    {
      "module": "module.security_groups",
      "mode": "managed",
      "type": "aws_security_group_rule",
      "name": "db_server_outbound_rule",
      "provider": "provider[\"registry.terraform.io/hashicorp/aws\"]",
      "instances": [
        {
          "schema_version": 2,
          "attributes": {
            "cidr_blocks": [
              "0.0.0.0/0"
            ],
            "description": null,
            "from_port": 0,
            "id": "sgrule-3982926456",
            "ipv6_cidr_blocks": null,
            "prefix_list_ids": null,
            "protocol": "-1",
            "security_group_id": "sg-01b4936fa4ddf3330",
            "security_group_rule_id": "sgr-06022404a6e3233fb",
            "self": false,
            "source_security_group_id": null,
            "timeouts": null,
            "to_port": 0,
            "type": "egress"
          },
          "sensitive_attributes": [],
          "private": "eyJlMmJmYjczMC1lY2FhLTExZTYtOGY4OC0zNDM2M2JjN2M0YzAiOnsiY3JlYXRlIjozMDAwMDAwMDAwMDB9LCJzY2hlbWFfdmVyc2lvbiI6IjIifQ==",
          "dependencies": [
            "module.networking.aws_vpc.project_vpc",
            "module.security_groups.aws_security_group.db_server_sg"
          ]
        }
      ]
    },
    {
      "module": "module.security_groups",
      "mode": "managed",
      "type": "aws_security_group_rule",
      "name": "efs_outbound_rule",
      "provider": "provider[\"registry.terraform.io/hashicorp/aws\"]",
      "instances": [
        {
          "schema_version": 2,
          "attributes": {
            "cidr_blocks": [
              "0.0.0.0/0"
            ],
            "description": null,
            "from_port": 0,
            "id": "sgrule-2229961101",
            "ipv6_cidr_blocks": null,
            "prefix_list_ids": null,
            "protocol": "-1",
            "security_group_id": "sg-07be4c597f4eee61d",
            "security_group_rule_id": "sgr-00be9a7aeea1023a6",
            "self": false,
            "source_security_group_id": null,
            "timeouts": null,
            "to_port": 0,
            "type": "egress"
          },
          "sensitive_attributes": [],
          "private": "eyJlMmJmYjczMC1lY2FhLTExZTYtOGY4OC0zNDM2M2JjN2M0YzAiOnsiY3JlYXRlIjozMDAwMDAwMDAwMDB9LCJzY2hlbWFfdmVyc2lvbiI6IjIifQ==",
          "dependencies": [
            "module.networking.aws_vpc.project_vpc",
            "module.security_groups.aws_security_group.efs_sg"
          ]
        }
      ]
    },
    {
      "module": "module.security_groups",
      "mode": "managed",
      "type": "aws_security_group_rule",
      "name": "nfs_rule",
      "provider": "provider[\"registry.terraform.io/hashicorp/aws\"]",
      "instances": [
        {
          "schema_version": 2,
          "attributes": {
            "cidr_blocks": null,
            "description": null,
            "from_port": 2049,
            "id": "sgrule-4206154179",
            "ipv6_cidr_blocks": null,
            "prefix_list_ids": null,
            "protocol": "tcp",
            "security_group_id": "sg-07be4c597f4eee61d",
            "security_group_rule_id": "sgr-028068e5d691f45e6",
            "self": false,
            "source_security_group_id": "sg-07be4c597f4eee61d",
            "timeouts": null,
            "to_port": 2049,
            "type": "ingress"
          },
          "sensitive_attributes": [],
          "private": "eyJlMmJmYjczMC1lY2FhLTExZTYtOGY4OC0zNDM2M2JjN2M0YzAiOnsiY3JlYXRlIjozMDAwMDAwMDAwMDB9LCJzY2hlbWFfdmVyc2lvbiI6IjIifQ==",
          "dependencies": [
            "module.networking.aws_vpc.project_vpc",
            "module.security_groups.aws_security_group.efs_sg"
          ]
        }
      ]
    }
  ],
  "check_results": null
}
